// !$*UTF8*$!
{
	archiveVersion = 1;
	classes = {
	};
	objectVersion = 56;
	objects = {

/* Begin PBXBuildFile section */
		F1D7730E2AEA581A00FE48CA /* AppDelegate.swift in Sources */ = {isa = PBXBuildFile; fileRef = F1D7730D2AEA581A00FE48CA /* AppDelegate.swift */; };
		F1D773102AEA581A00FE48CA /* SceneDelegate.swift in Sources */ = {isa = PBXBuildFile; fileRef = F1D7730F2AEA581A00FE48CA /* SceneDelegate.swift */; };
		F1D773122AEA581A00FE48CA /* ViewController.swift in Sources */ = {isa = PBXBuildFile; fileRef = F1D773112AEA581A00FE48CA /* ViewController.swift */; };
		F1D773172AEA581B00FE48CA /* Assets.xcassets in Resources */ = {isa = PBXBuildFile; fileRef = F1D773162AEA581B00FE48CA /* Assets.xcassets */; };
		F1D7731A2AEA581B00FE48CA /* LaunchScreen.storyboard in Resources */ = {isa = PBXBuildFile; fileRef = F1D773182AEA581B00FE48CA /* LaunchScreen.storyboard */; };
		F1D773222AEA583500FE48CA /* Entity.swift in Sources */ = {isa = PBXBuildFile; fileRef = F1D773212AEA583500FE48CA /* Entity.swift */; };
		F1D773242AEA584600FE48CA /* StartPage.swift in Sources */ = {isa = PBXBuildFile; fileRef = F1D773232AEA584600FE48CA /* StartPage.swift */; };
		F1D773262AEA586400FE48CA /* DataPage.swift in Sources */ = {isa = PBXBuildFile; fileRef = F1D773252AEA586400FE48CA /* DataPage.swift */; };
		F1D773282AEA587A00FE48CA /* APIService.swift in Sources */ = {isa = PBXBuildFile; fileRef = F1D773272AEA587A00FE48CA /* APIService.swift */; };
		F1D773292AEA5BC200FE48CA /* Main.storyboard in Resources */ = {isa = PBXBuildFile; fileRef = F1D773132AEA581A00FE48CA /* Main.storyboard */; };
/* End PBXBuildFile section */

/* Begin PBXFileReference section */
		F1D7730A2AEA581A00FE48CA /* Test Ex.app */ = {isa = PBXFileReference; explicitFileType = wrapper.application; includeInIndex = 0; path = "Test Ex.app"; sourceTree = BUILT_PRODUCTS_DIR; };
		F1D7730D2AEA581A00FE48CA /* AppDelegate.swift */ = {isa = PBXFileReference; lastKnownFileType = sourcecode.swift; path = AppDelegate.swift; sourceTree = "<group>"; };
		F1D7730F2AEA581A00FE48CA /* SceneDelegate.swift */ = {isa = PBXFileReference; lastKnownFileType = sourcecode.swift; path = SceneDelegate.swift; sourceTree = "<group>"; };
		F1D773112AEA581A00FE48CA /* ViewController.swift */ = {isa = PBXFileReference; lastKnownFileType = sourcecode.swift; path = ViewController.swift; sourceTree = "<group>"; };
		F1D773142AEA581A00FE48CA /* Base */ = {isa = PBXFileReference; lastKnownFileType = file.storyboard; name = Base; path = Base.lproj/Main.storyboard; sourceTree = "<group>"; };
		F1D773162AEA581B00FE48CA /* Assets.xcassets */ = {isa = PBXFileReference; lastKnownFileType = folder.assetcatalog; path = Assets.xcassets; sourceTree = "<group>"; };
		F1D773192AEA581B00FE48CA /* Base */ = {isa = PBXFileReference; lastKnownFileType = file.storyboard; name = Base; path = Base.lproj/LaunchScreen.storyboard; sourceTree = "<group>"; };
		F1D7731B2AEA581B00FE48CA /* Info.plist */ = {isa = PBXFileReference; lastKnownFileType = text.plist.xml; path = Info.plist; sourceTree = "<group>"; };
		F1D773212AEA583500FE48CA /* Entity.swift */ = {isa = PBXFileReference; lastKnownFileType = sourcecode.swift; path = Entity.swift; sourceTree = "<group>"; };
		F1D773232AEA584600FE48CA /* StartPage.swift */ = {isa = PBXFileReference; lastKnownFileType = sourcecode.swift; path = StartPage.swift; sourceTree = "<group>"; };
		F1D773252AEA586400FE48CA /* DataPage.swift */ = {isa = PBXFileReference; lastKnownFileType = sourcecode.swift; path = DataPage.swift; sourceTree = "<group>"; };
		F1D773272AEA587A00FE48CA /* APIService.swift */ = {isa = PBXFileReference; lastKnownFileType = sourcecode.swift; path = APIService.swift; sourceTree = "<group>"; };
/* End PBXFileReference section */

/* Begin PBXFrameworksBuildPhase section */
		F1D773072AEA581A00FE48CA /* Frameworks */ = {
			isa = PBXFrameworksBuildPhase;
			buildActionMask = 2147483647;
			files = (
			);
			runOnlyForDeploymentPostprocessing = 0;
		};
/* End PBXFrameworksBuildPhase section */

/* Begin PBXGroup section */
		F1D773012AEA581A00FE48CA = {
			isa = PBXGroup;
			children = (
				F1D7730C2AEA581A00FE48CA /* Test Ex */,
				F1D7730B2AEA581A00FE48CA /* Products */,
			);
			sourceTree = "<group>";
		};
		F1D7730B2AEA581A00FE48CA /* Products */ = {
			isa = PBXGroup;
			children = (
				F1D7730A2AEA581A00FE48CA /* Test Ex.app */,
			);
			name = Products;
			sourceTree = "<group>";
		};
		F1D7730C2AEA581A00FE48CA /* Test Ex */ = {
			isa = PBXGroup;
			children = (
				F1D7730D2AEA581A00FE48CA /* AppDelegate.swift */,
				F1D7730F2AEA581A00FE48CA /* SceneDelegate.swift */,
				F1D773112AEA581A00FE48CA /* ViewController.swift */,
				F1D773132AEA581A00FE48CA /* Main.storyboard */,
				F1D773162AEA581B00FE48CA /* Assets.xcassets */,
				F1D773182AEA581B00FE48CA /* LaunchScreen.storyboard */,
				F1D7731B2AEA581B00FE48CA /* Info.plist */,
				F1D773212AEA583500FE48CA /* Entity.swift */,
				F1D773232AEA584600FE48CA /* StartPage.swift */,
				F1D773252AEA586400FE48CA /* DataPage.swift */,
				F1D773272AEA587A00FE48CA /* APIService.swift */,
			);
			path = "Test Ex";
			sourceTree = "<group>";
		};
/* End PBXGroup section */

/* Begin PBXNativeTarget section */
		F1D773092AEA581A00FE48CA /* Test Ex */ = {
			isa = PBXNativeTarget;
			buildConfigurationList = F1D7731E2AEA581B00FE48CA /* Build configuration list for PBXNativeTarget "Test Ex" */;
			buildPhases = (
				F1D773062AEA581A00FE48CA /* Sources */,
				F1D773072AEA581A00FE48CA /* Frameworks */,
				F1D773082AEA581A00FE48CA /* Resources */,
			);
			buildRules = (
			);
			dependencies = (
			);
			name = "Test Ex";
			productName = "Test Ex";
			productReference = F1D7730A2AEA581A00FE48CA /* Test Ex.app */;
			productType = "com.apple.product-type.application";
		};
/* End PBXNativeTarget section */

/* Begin PBXProject section */
		F1D773022AEA581A00FE48CA /* Project object */ = {
			isa = PBXProject;
			attributes = {
				BuildIndependentTargetsInParallel = 1;
				LastSwiftUpdateCheck = 1430;
				LastUpgradeCheck = 1430;
				TargetAttributes = {
					F1D773092AEA581A00FE48CA = {
						CreatedOnToolsVersion = 14.3;
					};
				};
			};
			buildConfigurationList = F1D773052AEA581A00FE48CA /* Build configuration list for PBXProject "Test Ex" */;
			compatibilityVersion = "Xcode 14.0";
			developmentRegion = en;
			hasScannedForEncodings = 0;
			knownRegions = (
				en,
				Base,
			);
			mainGroup = F1D773012AEA581A00FE48CA;
			productRefGroup = F1D7730B2AEA581A00FE48CA /* Products */;
			projectDirPath = "";
			projectRoot = "";
			targets = (
				F1D773092AEA581A00FE48CA /* Test Ex */,
			);
		};
/* End PBXProject section */

/* Begin PBXResourcesBuildPhase section */
		F1D773082AEA581A00FE48CA /* Resources */ = {
			isa = PBXResourcesBuildPhase;
			buildActionMask = 2147483647;
			files = (
				F1D773292AEA5BC200FE48CA /* Main.storyboard in Resources */,
				F1D7731A2AEA581B00FE48CA /* LaunchScreen.storyboard in Resources */,
				F1D773172AEA581B00FE48CA /* Assets.xcassets in Resources */,
			);
			runOnlyForDeploymentPostprocessing = 0;
		};
/* End PBXResourcesBuildPhase section */

/* Begin PBXSourcesBuildPhase section */
		F1D773062AEA581A00FE48CA /* Sources */ = {
			isa = PBXSourcesBuildPhase;
			buildActionMask = 2147483647;
			files = (
				F1D773222AEA583500FE48CA /* Entity.swift in Sources */,
				F1D773282AEA587A00FE48CA /* APIService.swift in Sources */,
				F1D773242AEA584600FE48CA /* StartPage.swift in Sources */,
				F1D773122AEA581A00FE48CA /* ViewController.swift in Sources */,
				F1D7730E2AEA581A00FE48CA /* AppDelegate.swift in Sources */,
				F1D773262AEA586400FE48CA /* DataPage.swift in Sources */,
				F1D773102AEA581A00FE48CA /* SceneDelegate.swift in Sources */,
			);
			runOnlyForDeploymentPostprocessing = 0;
		};
/* End PBXSourcesBuildPhase section */

/* Begin PBXVariantGroup section */
		F1D773132AEA581A00FE48CA /* Main.storyboard */ = {
			isa = PBXVariantGroup;
			children = (
				F1D773142AEA581A00FE48CA /* Base */,
			);
			name = Main.storyboard;
			sourceTree = "<group>";
		};
		F1D773182AEA581B00FE48CA /* LaunchScreen.storyboard */ = {
			isa = PBXVariantGroup;
			children = (
				F1D773192AEA581B00FE48CA /* Base */,
			);
			name = LaunchScreen.storyboard;
			sourceTree = "<group>";
		};
/* End PBXVariantGroup section */

/* Begin XCBuildConfiguration section */
		F1D7731C2AEA581B00FE48CA /* Debug */ = {
			isa = XCBuildConfiguration;
			buildSettings = {
				ALWAYS_SEARCH_USER_PATHS = NO;
				CLANG_ANALYZER_NONNULL = YES;
				CLANG_ANALYZER_NUMBER_OBJECT_CONVERSION = YES_AGGRESSIVE;
				CLANG_CXX_LANGUAGE_STANDARD = "gnu++20";
				CLANG_ENABLE_MODULES = YES;
				CLANG_ENABLE_OBJC_ARC = YES;
				CLANG_ENABLE_OBJC_WEAK = YES;
				CLANG_WARN_BLOCK_CAPTURE_AUTORELEASING = YES;
				CLANG_WARN_BOOL_CONVERSION = YES;
				CLANG_WARN_COMMA = YES;
				CLANG_WARN_CONSTANT_CONVERSION = YES;
				CLANG_WARN_DEPRECATED_OBJC_IMPLEMENTATIONS = YES;
				CLANG_WARN_DIRECT_OBJC_ISA_USAGE = YES_ERROR;
				CLANG_WARN_DOCUMENTATION_COMMENTS = YES;
				CLANG_WARN_EMPTY_BODY = YES;
				CLANG_WARN_ENUM_CONVERSION = YES;
				CLANG_WARN_INFINITE_RECURSION = YES;
				CLANG_WARN_INT_CONVERSION = YES;
				CLANG_WARN_NON_LITERAL_NULL_CONVERSION = YES;
				CLANG_WARN_OBJC_IMPLICIT_RETAIN_SELF = YES;
				CLANG_WARN_OBJC_LITERAL_CONVERSION = YES;
				CLANG_WARN_OBJC_ROOT_CLASS = YES_ERROR;
				CLANG_WARN_QUOTED_INCLUDE_IN_FRAMEWORK_HEADER = YES;
				CLANG_WARN_RANGE_LOOP_ANALYSIS = YES;
				CLANG_WARN_STRICT_PROTOTYPES = YES;
				CLANG_WARN_SUSPICIOUS_MOVE = YES;
				CLANG_WARN_UNGUARDED_AVAILABILITY = YES_AGGRESSIVE;
				CLANG_WARN_UNREACHABLE_CODE = YES;
				CLANG_WARN__DUPLICATE_METHOD_MATCH = YES;
				COPY_PHASE_STRIP = NO;
				DEBUG_INFORMATION_FORMAT = dwarf;
				ENABLE_STRICT_OBJC_MSGSEND = YES;
				ENABLE_TESTABILITY = YES;
				GCC_C_LANGUAGE_STANDARD = gnu11;
				GCC_DYNAMIC_NO_PIC = NO;
				GCC_NO_COMMON_BLOCKS = YES;
				GCC_OPTIMIZATION_LEVEL = 0;
				GCC_PREPROCESSOR_DEFINITIONS = (
					"DEBUG=1",
					"$(inherited)",
				);
				GCC_WARN_64_TO_32_BIT_CONVERSION = YES;
				GCC_WARN_ABOUT_RETURN_TYPE = YES_ERROR;
				GCC_WARN_UNDECLARED_SELECTOR = YES;
				GCC_WARN_UNINITIALIZED_AUTOS = YES_AGGRESSIVE;
				GCC_WARN_UNUSED_FUNCTION = YES;
				GCC_WARN_UNUSED_VARIABLE = YES;
				IPHONEOS_DEPLOYMENT_TARGET = 16.4;
				MTL_ENABLE_DEBUG_INFO = INCLUDE_SOURCE;
				MTL_FAST_MATH = YES;
				ONLY_ACTIVE_ARCH = YES;
				SDKROOT = iphoneos;
				SWIFT_ACTIVE_COMPILATION_CONDITIONS = DEBUG;
				SWIFT_OPTIMIZATION_LEVEL = "-Onone";
			};
			name = Debug;
		};
		F1D7731D2AEA581B00FE48CA /* Release */ = {
			isa = XCBuildConfiguration;
			buildSettings = {
				ALWAYS_SEARCH_USER_PATHS = NO;
				CLANG_ANALYZER_NONNULL = YES;
				CLANG_ANALYZER_NUMBER_OBJECT_CONVERSION = YES_AGGRESSIVE;
				CLANG_CXX_LANGUAGE_STANDARD = "gnu++20";
				CLANG_ENABLE_MODULES = YES;
				CLANG_ENABLE_OBJC_ARC = YES;
				CLANG_ENABLE_OBJC_WEAK = YES;
				CLANG_WARN_BLOCK_CAPTURE_AUTORELEASING = YES;
				CLANG_WARN_BOOL_CONVERSION = YES;
				CLANG_WARN_COMMA = YES;
				CLANG_WARN_CONSTANT_CONVERSION = YES;
				CLANG_WARN_DEPRECATED_OBJC_IMPLEMENTATIONS = YES;
				CLANG_WARN_DIRECT_OBJC_ISA_USAGE = YES_ERROR;
				CLANG_WARN_DOCUMENTATION_COMMENTS = YES;
				CLANG_WARN_EMPTY_BODY = YES;
				CLANG_WARN_ENUM_CONVERSION = YES;
				CLANG_WARN_INFINITE_RECURSION = YES;
				CLANG_WARN_INT_CONVERSION = YES;
				CLANG_WARN_NON_LITERAL_NULL_CONVERSION = YES;
				CLANG_WARN_OBJC_IMPLICIT_RETAIN_SELF = YES;
				CLANG_WARN_OBJC_LITERAL_CONVERSION = YES;
				CLANG_WARN_OBJC_ROOT_CLASS = YES_ERROR;
				CLANG_WARN_QUOTED_INCLUDE_IN_FRAMEWORK_HEADER = YES;
				CLANG_WARN_RANGE_LOOP_ANALYSIS = YES;
				CLANG_WARN_STRICT_PROTOTYPES = YES;
				CLANG_WARN_SUSPICIOUS_MOVE = YES;
				CLANG_WARN_UNGUARDED_AVAILABILITY = YES_AGGRESSIVE;
				CLANG_WARN_UNREACHABLE_CODE = YES;
				CLANG_WARN__DUPLICATE_METHOD_MATCH = YES;
				COPY_PHASE_STRIP = NO;
				DEBUG_INFORMATION_FORMAT = "dwarf-with-dsym";
				ENABLE_NS_ASSERTIONS = NO;
				ENABLE_STRICT_OBJC_MSGSEND = YES;
				GCC_C_LANGUAGE_STANDARD = gnu11;
				GCC_NO_COMMON_BLOCKS = YES;
				GCC_WARN_64_TO_32_BIT_CONVERSION = YES;
				GCC_WARN_ABOUT_RETURN_TYPE = YES_ERROR;
				GCC_WARN_UNDECLARED_SELECTOR = YES;
				GCC_WARN_UNINITIALIZED_AUTOS = YES_AGGRESSIVE;
				GCC_WARN_UNUSED_FUNCTION = YES;
				GCC_WARN_UNUSED_VARIABLE = YES;
				IPHONEOS_DEPLOYMENT_TARGET = 16.4;
				MTL_ENABLE_DEBUG_INFO = NO;
				MTL_FAST_MATH = YES;
				SDKROOT = iphoneos;
				SWIFT_COMPILATION_MODE = wholemodule;
				SWIFT_OPTIMIZATION_LEVEL = "-O";
				VALIDATE_PRODUCT = YES;
			};
			name = Release;
		};
		F1D7731F2AEA581B00FE48CA /* Debug */ = {
			isa = XCBuildConfiguration;
			buildSettings = {
				ASSETCATALOG_COMPILER_APPICON_NAME = AppIcon;
				ASSETCATALOG_COMPILER_GLOBAL_ACCENT_COLOR_NAME = AccentColor;
				CODE_SIGN_STYLE = Automatic;
				CURRENT_PROJECT_VERSION = 1;
				DEVELOPMENT_TEAM = 3TLN7A9XD4;
				GENERATE_INFOPLIST_FILE = YES;
				INFOPLIST_FILE = "Test Ex/Info.plist";
				INFOPLIST_KEY_UIApplicationSupportsIndirectInputEvents = YES;
				INFOPLIST_KEY_UILaunchStoryboardName = LaunchScreen;
				INFOPLIST_KEY_UIMainStoryboardFile = Main;
				INFOPLIST_KEY_UISupportedInterfaceOrientations = UIInterfaceOrientationPortrait;
				INFOPLIST_KEY_UISupportedInterfaceOrientations_iPad = "UIInterfaceOrientationLandscapeLeft UIInterfaceOrientationLandscapeRight UIInterfaceOrientationPortrait UIInterfaceOrientationPortraitUpsideDown";
				LD_RUNPATH_SEARCH_PATHS = (
					"$(inherited)",
					"@executable_path/Frameworks",
				);
				MARKETING_VERSION = 1.0;
				PRODUCT_BUNDLE_IDENTIFIER = "MK.Test-Ex";
				PRODUCT_NAME = "$(TARGET_NAME)";
				SUPPORTED_PLATFORMS = "iphoneos iphonesimulator";
				SUPPORTS_MACCATALYST = NO;
				SUPPORTS_MAC_DESIGNED_FOR_IPHONE_IPAD = NO;
				SWIFT_EMIT_LOC_STRINGS = YES;
				SWIFT_VERSION = 5.0;
				TARGETED_DEVICE_FAMILY = 1;
			};
			name = Debug;
		};
		F1D773202AEA581B00FE48CA /* Release */ = {
			isa = XCBuildConfiguration;
			buildSettings = {
				ASSETCATALOG_COMPILER_APPICON_NAME = AppIcon;
				ASSETCATALOG_COMPILER_GLOBAL_ACCENT_COLOR_NAME = AccentColor;
				CODE_SIGN_STYLE = Automatic;
				CURRENT_PROJECT_VERSION = 1;
				DEVELOPMENT_TEAM = 3TLN7A9XD4;
				GENERATE_INFOPLIST_FILE = YES;
				INFOPLIST_FILE = "Test Ex/Info.plist";
				INFOPLIST_KEY_UIApplicationSupportsIndirectInputEvents = YES;
				INFOPLIST_KEY_UILaunchStoryboardName = LaunchScreen;
				INFOPLIST_KEY_UIMainStoryboardFile = Main;
				INFOPLIST_KEY_UISupportedInterfaceOrientations = UIInterfaceOrientationPortrait;
				INFOPLIST_KEY_UISupportedInterfaceOrientations_iPad = "UIInterfaceOrientationLandscapeLeft UIInterfaceOrientationLandscapeRight UIInterfaceOrientationPortrait UIInterfaceOrientationPortraitUpsideDown";
				LD_RUNPATH_SEARCH_PATHS = (
					"$(inherited)",
					"@executable_path/Frameworks",
				);
				MARKETING_VERSION = 1.0;
				PRODUCT_BUNDLE_IDENTIFIER = "MK.Test-Ex";
				PRODUCT_NAME = "$(TARGET_NAME)";
				SUPPORTED_PLATFORMS = "iphoneos iphonesimulator";
				SUPPORTS_MACCATALYST = NO;
				SUPPORTS_MAC_DESIGNED_FOR_IPHONE_IPAD = NO;
				SWIFT_EMIT_LOC_STRINGS = YES;
				SWIFT_VERSION = 5.0;
				TARGETED_DEVICE_FAMILY = 1;
			};
			name = Release;
		};
/* End XCBuildConfiguration section */

/* Begin XCConfigurationList section */
		F1D773052AEA581A00FE48CA /* Build configuration list for PBXProject "Test Ex" */ = {
			isa = XCConfigurationList;
			buildConfigurations = (
				F1D7731C2AEA581B00FE48CA /* Debug */,
				F1D7731D2AEA581B00FE48CA /* Release */,
			);
			defaultConfigurationIsVisible = 0;
			defaultConfigurationName = Release;
		};
		F1D7731E2AEA581B00FE48CA /* Build configuration list for PBXNativeTarget "Test Ex" */ = {
			isa = XCConfigurationList;
			buildConfigurations = (
				F1D7731F2AEA581B00FE48CA /* Debug */,
				F1D773202AEA581B00FE48CA /* Release */,
			);
			defaultConfigurationIsVisible = 0;
			defaultConfigurationName = Release;
		};
/* End XCConfigurationList section */
	};
	rootObject = F1D773022AEA581A00FE48CA /* Project object */;
}
